// !$*UTF8*$!
{
	archiveVersion = 1;
	classes = {
	};
	objectVersion = 46;
	objects = {

/* Begin PBXBuildFile section */
		3B417D161BDF9896006BF4E7 /* main.m in Sources */ = {isa = PBXBuildFile; fileRef = 3B417D151BDF9896006BF4E7 /* main.m */; };
		3B417D191BDF9896006BF4E7 /* AppDelegate.m in Sources */ = {isa = PBXBuildFile; fileRef = 3B417D181BDF9896006BF4E7 /* AppDelegate.m */; };
		3B417D1C1BDF9896006BF4E7 /* ViewController.m in Sources */ = {isa = PBXBuildFile; fileRef = 3B417D1B1BDF9896006BF4E7 /* ViewController.m */; };
		3B417D1F1BDF9896006BF4E7 /* Main.storyboard in Resources */ = {isa = PBXBuildFile; fileRef = 3B417D1D1BDF9896006BF4E7 /* Main.storyboard */; };
		3B417D211BDF9896006BF4E7 /* Assets.xcassets in Resources */ = {isa = PBXBuildFile; fileRef = 3B417D201BDF9896006BF4E7 /* Assets.xcassets */; };
		3B417D241BDF9896006BF4E7 /* LaunchScreen.storyboard in Resources */ = {isa = PBXBuildFile; fileRef = 3B417D221BDF9896006BF4E7 /* LaunchScreen.storyboard */; };
		3B417D2F1BDF9896006BF4E7 /* MethodSwizzlingTests.m in Sources */ = {isa = PBXBuildFile; fileRef = 3B417D2E1BDF9896006BF4E7 /* MethodSwizzlingTests.m */; };
		3B417D3A1BDF9896006BF4E7 /* MethodSwizzlingUITests.m in Sources */ = {isa = PBXBuildFile; fileRef = 3B417D391BDF9896006BF4E7 /* MethodSwizzlingUITests.m */; };
		3B417D491BDF98D4006BF4E7 /* ViewController+Tracking.m in Sources */ = {isa = PBXBuildFile; fileRef = 3B417D481BDF98D4006BF4E7 /* ViewController+Tracking.m */; };
		3B417D4C1BDF9DAB006BF4E7 /* UIWindow+noOperationTime.m in Sources */ = {isa = PBXBuildFile; fileRef = 3B417D4B1BDF9DAB006BF4E7 /* UIWindow+noOperationTime.m */; };
/* End PBXBuildFile section */

/* Begin PBXContainerItemProxy section */
		3B417D2B1BDF9896006BF4E7 /* PBXContainerItemProxy */ = {
			isa = PBXContainerItemProxy;
			containerPortal = 3B417D091BDF9896006BF4E7 /* Project object */;
			proxyType = 1;
			remoteGlobalIDString = 3B417D101BDF9896006BF4E7;
			remoteInfo = MethodSwizzling;
		};
		3B417D361BDF9896006BF4E7 /* PBXContainerItemProxy */ = {
			isa = PBXContainerItemProxy;
			containerPortal = 3B417D091BDF9896006BF4E7 /* Project object */;
			proxyType = 1;
			remoteGlobalIDString = 3B417D101BDF9896006BF4E7;
			remoteInfo = MethodSwizzling;
		};
/* End PBXContainerItemProxy section */

/* Begin PBXFileReference section */
		3B417D111BDF9896006BF4E7 /* MethodSwizzling.app */ = {isa = PBXFileReference; explicitFileType = wrapper.application; includeInIndex = 0; path = MethodSwizzling.app; sourceTree = BUILT_PRODUCTS_DIR; };
		3B417D151BDF9896006BF4E7 /* main.m */ = {isa = PBXFileReference; lastKnownFileType = sourcecode.c.objc; path = main.m; sourceTree = "<group>"; };
		3B417D171BDF9896006BF4E7 /* AppDelegate.h */ = {isa = PBXFileReference; lastKnownFileType = sourcecode.c.h; path = AppDelegate.h; sourceTree = "<group>"; };
		3B417D181BDF9896006BF4E7 /* AppDelegate.m */ = {isa = PBXFileReference; lastKnownFileType = sourcecode.c.objc; path = AppDelegate.m; sourceTree = "<group>"; };
		3B417D1A1BDF9896006BF4E7 /* ViewController.h */ = {isa = PBXFileReference; lastKnownFileType = sourcecode.c.h; path = ViewController.h; sourceTree = "<group>"; };
		3B417D1B1BDF9896006BF4E7 /* ViewController.m */ = {isa = PBXFileReference; lastKnownFileType = sourcecode.c.objc; path = ViewController.m; sourceTree = "<group>"; };
		3B417D1E1BDF9896006BF4E7 /* Base */ = {isa = PBXFileReference; lastKnownFileType = file.storyboard; name = Base; path = Base.lproj/Main.storyboard; sourceTree = "<group>"; };
		3B417D201BDF9896006BF4E7 /* Assets.xcassets */ = {isa = PBXFileReference; lastKnownFileType = folder.assetcatalog; path = Assets.xcassets; sourceTree = "<group>"; };
		3B417D231BDF9896006BF4E7 /* Base */ = {isa = PBXFileReference; lastKnownFileType = file.storyboard; name = Base; path = Base.lproj/LaunchScreen.storyboard; sourceTree = "<group>"; };
		3B417D251BDF9896006BF4E7 /* Info.plist */ = {isa = PBXFileReference; lastKnownFileType = text.plist.xml; path = Info.plist; sourceTree = "<group>"; };
		3B417D2A1BDF9896006BF4E7 /* MethodSwizzlingTests.xctest */ = {isa = PBXFileReference; explicitFileType = wrapper.cfbundle; includeInIndex = 0; path = MethodSwizzlingTests.xctest; sourceTree = BUILT_PRODUCTS_DIR; };
		3B417D2E1BDF9896006BF4E7 /* MethodSwizzlingTests.m */ = {isa = PBXFileReference; lastKnownFileType = sourcecode.c.objc; path = MethodSwizzlingTests.m; sourceTree = "<group>"; };
		3B417D301BDF9896006BF4E7 /* Info.plist */ = {isa = PBXFileReference; lastKnownFileType = text.plist.xml; path = Info.plist; sourceTree = "<group>"; };
		3B417D351BDF9896006BF4E7 /* MethodSwizzlingUITests.xctest */ = {isa = PBXFileReference; explicitFileType = wrapper.cfbundle; includeInIndex = 0; path = MethodSwizzlingUITests.xctest; sourceTree = BUILT_PRODUCTS_DIR; };
		3B417D391BDF9896006BF4E7 /* MethodSwizzlingUITests.m */ = {isa = PBXFileReference; lastKnownFileType = sourcecode.c.objc; path = MethodSwizzlingUITests.m; sourceTree = "<group>"; };
		3B417D3B1BDF9896006BF4E7 /* Info.plist */ = {isa = PBXFileReference; lastKnownFileType = text.plist.xml; path = Info.plist; sourceTree = "<group>"; };
		3B417D471BDF98D4006BF4E7 /* ViewController+Tracking.h */ = {isa = PBXFileReference; fileEncoding = 4; lastKnownFileType = sourcecode.c.h; path = "ViewController+Tracking.h"; sourceTree = "<group>"; };
		3B417D481BDF98D4006BF4E7 /* ViewController+Tracking.m */ = {isa = PBXFileReference; fileEncoding = 4; lastKnownFileType = sourcecode.c.objc; path = "ViewController+Tracking.m"; sourceTree = "<group>"; };
		3B417D4A1BDF9DAB006BF4E7 /* UIWindow+noOperationTime.h */ = {isa = PBXFileReference; fileEncoding = 4; lastKnownFileType = sourcecode.c.h; path = "UIWindow+noOperationTime.h"; sourceTree = "<group>"; };
		3B417D4B1BDF9DAB006BF4E7 /* UIWindow+noOperationTime.m */ = {isa = PBXFileReference; fileEncoding = 4; lastKnownFileType = sourcecode.c.objc; path = "UIWindow+noOperationTime.m"; sourceTree = "<group>"; };
/* End PBXFileReference section */

/* Begin PBXFrameworksBuildPhase section */
		3B417D0E1BDF9896006BF4E7 /* Frameworks */ = {
			isa = PBXFrameworksBuildPhase;
			buildActionMask = 2147483647;
			files = (
			);
			runOnlyForDeploymentPostprocessing = 0;
		};
		3B417D271BDF9896006BF4E7 /* Frameworks */ = {
			isa = PBXFrameworksBuildPhase;
			buildActionMask = 2147483647;
			files = (
			);
			runOnlyForDeploymentPostprocessing = 0;
		};
		3B417D321BDF9896006BF4E7 /* Frameworks */ = {
			isa = PBXFrameworksBuildPhase;
			buildActionMask = 2147483647;
			files = (
			);
			runOnlyForDeploymentPostprocessing = 0;
		};
/* End PBXFrameworksBuildPhase section */

/* Begin PBXGroup section */
		3B417D081BDF9896006BF4E7 = {
			isa = PBXGroup;
			children = (
				3B417D131BDF9896006BF4E7 /* MethodSwizzling */,
				3B417D2D1BDF9896006BF4E7 /* MethodSwizzlingTests */,
				3B417D381BDF9896006BF4E7 /* MethodSwizzlingUITests */,
				3B417D121BDF9896006BF4E7 /* Products */,
			);
			sourceTree = "<group>";
		};
		3B417D121BDF9896006BF4E7 /* Products */ = {
			isa = PBXGroup;
			children = (
				3B417D111BDF9896006BF4E7 /* MethodSwizzling.app */,
				3B417D2A1BDF9896006BF4E7 /* MethodSwizzlingTests.xctest */,
				3B417D351BDF9896006BF4E7 /* MethodSwizzlingUITests.xctest */,
			);
			name = Products;
			sourceTree = "<group>";
		};
		3B417D131BDF9896006BF4E7 /* MethodSwizzling */ = {
			isa = PBXGroup;
			children = (
				3B417D171BDF9896006BF4E7 /* AppDelegate.h */,
				3B417D181BDF9896006BF4E7 /* AppDelegate.m */,
				3B417D1A1BDF9896006BF4E7 /* ViewController.h */,
				3B417D1B1BDF9896006BF4E7 /* ViewController.m */,
				3B417D4A1BDF9DAB006BF4E7 /* UIWindow+noOperationTime.h */,
				3B417D4B1BDF9DAB006BF4E7 /* UIWindow+noOperationTime.m */,
				3B417D471BDF98D4006BF4E7 /* ViewController+Tracking.h */,
				3B417D481BDF98D4006BF4E7 /* ViewController+Tracking.m */,
				3B417D1D1BDF9896006BF4E7 /* Main.storyboard */,
				3B417D201BDF9896006BF4E7 /* Assets.xcassets */,
				3B417D221BDF9896006BF4E7 /* LaunchScreen.storyboard */,
				3B417D251BDF9896006BF4E7 /* Info.plist */,
				3B417D141BDF9896006BF4E7 /* Supporting Files */,
			);
			path = MethodSwizzling;
			sourceTree = "<group>";
		};
		3B417D141BDF9896006BF4E7 /* Supporting Files */ = {
			isa = PBXGroup;
			children = (
				3B417D151BDF9896006BF4E7 /* main.m */,
			);
			name = "Supporting Files";
			sourceTree = "<group>";
		};
		3B417D2D1BDF9896006BF4E7 /* MethodSwizzlingTests */ = {
			isa = PBXGroup;
			children = (
				3B417D2E1BDF9896006BF4E7 /* MethodSwizzlingTests.m */,
				3B417D301BDF9896006BF4E7 /* Info.plist */,
			);
			path = MethodSwizzlingTests;
			sourceTree = "<group>";
		};
		3B417D381BDF9896006BF4E7 /* MethodSwizzlingUITests */ = {
			isa = PBXGroup;
			children = (
				3B417D391BDF9896006BF4E7 /* MethodSwizzlingUITests.m */,
				3B417D3B1BDF9896006BF4E7 /* Info.plist */,
			);
			path = MethodSwizzlingUITests;
			sourceTree = "<group>";
		};
/* End PBXGroup section */

/* Begin PBXNativeTarget section */
		3B417D101BDF9896006BF4E7 /* MethodSwizzling */ = {
			isa = PBXNativeTarget;
			buildConfigurationList = 3B417D3E1BDF9896006BF4E7 /* Build configuration list for PBXNativeTarget "MethodSwizzling" */;
			buildPhases = (
				3B417D0D1BDF9896006BF4E7 /* Sources */,
				3B417D0E1BDF9896006BF4E7 /* Frameworks */,
				3B417D0F1BDF9896006BF4E7 /* Resources */,
			);
			buildRules = (
			);
			dependencies = (
			);
			name = MethodSwizzling;
			productName = MethodSwizzling;
			productReference = 3B417D111BDF9896006BF4E7 /* MethodSwizzling.app */;
			productType = "com.apple.product-type.application";
		};
		3B417D291BDF9896006BF4E7 /* MethodSwizzlingTests */ = {
			isa = PBXNativeTarget;
			buildConfigurationList = 3B417D411BDF9896006BF4E7 /* Build configuration list for PBXNativeTarget "MethodSwizzlingTests" */;
			buildPhases = (
				3B417D261BDF9896006BF4E7 /* Sources */,
				3B417D271BDF9896006BF4E7 /* Frameworks */,
				3B417D281BDF9896006BF4E7 /* Resources */,
			);
			buildRules = (
			);
			dependencies = (
				3B417D2C1BDF9896006BF4E7 /* PBXTargetDependency */,
			);
			name = MethodSwizzlingTests;
			productName = MethodSwizzlingTests;
			productReference = 3B417D2A1BDF9896006BF4E7 /* MethodSwizzlingTests.xctest */;
			productType = "com.apple.product-type.bundle.unit-test";
		};
		3B417D341BDF9896006BF4E7 /* MethodSwizzlingUITests */ = {
			isa = PBXNativeTarget;
			buildConfigurationList = 3B417D441BDF9896006BF4E7 /* Build configuration list for PBXNativeTarget "MethodSwizzlingUITests" */;
			buildPhases = (
				3B417D311BDF9896006BF4E7 /* Sources */,
				3B417D321BDF9896006BF4E7 /* Frameworks */,
				3B417D331BDF9896006BF4E7 /* Resources */,
			);
			buildRules = (
			);
			dependencies = (
				3B417D371BDF9896006BF4E7 /* PBXTargetDependency */,
			);
			name = MethodSwizzlingUITests;
			productName = MethodSwizzlingUITests;
			productReference = 3B417D351BDF9896006BF4E7 /* MethodSwizzlingUITests.xctest */;
			productType = "com.apple.product-type.bundle.ui-testing";
		};
/* End PBXNativeTarget section */

/* Begin PBXProject section */
		3B417D091BDF9896006BF4E7 /* Project object */ = {
			isa = PBXProject;
			attributes = {
				LastUpgradeCheck = 0700;
				ORGANIZATIONNAME = MK;
				TargetAttributes = {
					3B417D101BDF9896006BF4E7 = {
						CreatedOnToolsVersion = 7.0;
						DevelopmentTeam = SVKNFBR4AF;
						ProvisioningStyle = Manual;
					};
					3B417D291BDF9896006BF4E7 = {
						CreatedOnToolsVersion = 7.0;
						TestTargetID = 3B417D101BDF9896006BF4E7;
					};
					3B417D341BDF9896006BF4E7 = {
						CreatedOnToolsVersion = 7.0;
						TestTargetID = 3B417D101BDF9896006BF4E7;
					};
				};
			};
			buildConfigurationList = 3B417D0C1BDF9896006BF4E7 /* Build configuration list for PBXProject "MethodSwizzling" */;
			compatibilityVersion = "Xcode 3.2";
			developmentRegion = English;
			hasScannedForEncodings = 0;
			knownRegions = (
				en,
				Base,
			);
			mainGroup = 3B417D081BDF9896006BF4E7;
			productRefGroup = 3B417D121BDF9896006BF4E7 /* Products */;
			projectDirPath = "";
			projectRoot = "";
			targets = (
				3B417D101BDF9896006BF4E7 /* MethodSwizzling */,
				3B417D291BDF9896006BF4E7 /* MethodSwizzlingTests */,
				3B417D341BDF9896006BF4E7 /* MethodSwizzlingUITests */,
			);
		};
/* End PBXProject section */

/* Begin PBXResourcesBuildPhase section */
		3B417D0F1BDF9896006BF4E7 /* Resources */ = {
			isa = PBXResourcesBuildPhase;
			buildActionMask = 2147483647;
			files = (
				3B417D241BDF9896006BF4E7 /* LaunchScreen.storyboard in Resources */,
				3B417D211BDF9896006BF4E7 /* Assets.xcassets in Resources */,
				3B417D1F1BDF9896006BF4E7 /* Main.storyboard in Resources */,
			);
			runOnlyForDeploymentPostprocessing = 0;
		};
		3B417D281BDF9896006BF4E7 /* Resources */ = {
			isa = PBXResourcesBuildPhase;
			buildActionMask = 2147483647;
			files = (
			);
			runOnlyForDeploymentPostprocessing = 0;
		};
		3B417D331BDF9896006BF4E7 /* Resources */ = {
			isa = PBXResourcesBuildPhase;
			buildActionMask = 2147483647;
			files = (
			);
			runOnlyForDeploymentPostprocessing = 0;
		};
/* End PBXResourcesBuildPhase section */

/* Begin PBXSourcesBuildPhase section */
		3B417D0D1BDF9896006BF4E7 /* Sources */ = {
			isa = PBXSourcesBuildPhase;
			buildActionMask = 2147483647;
			files = (
				3B417D1C1BDF9896006BF4E7 /* ViewController.m in Sources */,
				3B417D491BDF98D4006BF4E7 /* ViewController+Tracking.m in Sources */,
				3B417D4C1BDF9DAB006BF4E7 /* UIWindow+noOperationTime.m in Sources */,
				3B417D191BDF9896006BF4E7 /* AppDelegate.m in Sources */,
				3B417D161BDF9896006BF4E7 /* main.m in Sources */,
			);
			runOnlyForDeploymentPostprocessing = 0;
		};
		3B417D261BDF9896006BF4E7 /* Sources */ = {
			isa = PBXSourcesBuildPhase;
			buildActionMask = 2147483647;
			files = (
				3B417D2F1BDF9896006BF4E7 /* MethodSwizzlingTests.m in Sources */,
			);
			runOnlyForDeploymentPostprocessing = 0;
		};
		3B417D311BDF9896006BF4E7 /* Sources */ = {
			isa = PBXSourcesBuildPhase;
			buildActionMask = 2147483647;
			files = (
				3B417D3A1BDF9896006BF4E7 /* MethodSwizzlingUITests.m in Sources */,
			);
			runOnlyForDeploymentPostprocessing = 0;
		};
/* End PBXSourcesBuildPhase section */

/* Begin PBXTargetDependency section */
		3B417D2C1BDF9896006BF4E7 /* PBXTargetDependency */ = {
			isa = PBXTargetDependency;
			target = 3B417D101BDF9896006BF4E7 /* MethodSwizzling */;
			targetProxy = 3B417D2B1BDF9896006BF4E7 /* PBXContainerItemProxy */;
		};
		3B417D371BDF9896006BF4E7 /* PBXTargetDependency */ = {
			isa = PBXTargetDependency;
			target = 3B417D101BDF9896006BF4E7 /* MethodSwizzling */;
			targetProxy = 3B417D361BDF9896006BF4E7 /* PBXContainerItemProxy */;
		};
/* End PBXTargetDependency section */

/* Begin PBXVariantGroup section */
		3B417D1D1BDF9896006BF4E7 /* Main.storyboard */ = {
			isa = PBXVariantGroup;
			children = (
				3B417D1E1BDF9896006BF4E7 /* Base */,
			);
			name = Main.storyboard;
			sourceTree = "<group>";
		};
		3B417D221BDF9896006BF4E7 /* LaunchScreen.storyboard */ = {
			isa = PBXVariantGroup;
			children = (
				3B417D231BDF9896006BF4E7 /* Base */,
			);
			name = LaunchScreen.storyboard;
			sourceTree = "<group>";
		};
/* End PBXVariantGroup section */

/* Begin XCBuildConfiguration section */
		3B417D3C1BDF9896006BF4E7 /* Debug */ = {
			isa = XCBuildConfiguration;
			buildSettings = {
				ALWAYS_SEARCH_USER_PATHS = NO;
				CLANG_CXX_LANGUAGE_STANDARD = "gnu++0x";
				CLANG_CXX_LIBRARY = "libc++";
				CLANG_ENABLE_MODULES = YES;
				CLANG_ENABLE_OBJC_ARC = YES;
				CLANG_WARN_BOOL_CONVERSION = YES;
				CLANG_WARN_CONSTANT_CONVERSION = YES;
				CLANG_WARN_DIRECT_OBJC_ISA_USAGE = YES_ERROR;
				CLANG_WARN_EMPTY_BODY = YES;
				CLANG_WARN_ENUM_CONVERSION = YES;
				CLANG_WARN_INT_CONVERSION = YES;
				CLANG_WARN_OBJC_ROOT_CLASS = YES_ERROR;
				CLANG_WARN_UNREACHABLE_CODE = YES;
				CLANG_WARN__DUPLICATE_METHOD_MATCH = YES;
				"CODE_SIGN_IDENTITY[sdk=iphoneos*]" = "iPhone Developer";
				COPY_PHASE_STRIP = NO;
				DEBUG_INFORMATION_FORMAT = dwarf;
				ENABLE_STRICT_OBJC_MSGSEND = YES;
				ENABLE_TESTABILITY = YES;
				GCC_C_LANGUAGE_STANDARD = gnu99;
				GCC_DYNAMIC_NO_PIC = NO;
				GCC_NO_COMMON_BLOCKS = YES;
				GCC_OPTIMIZATION_LEVEL = 0;
				GCC_PREPROCESSOR_DEFINITIONS = (
					"DEBUG=1",
					"$(inherited)",
				);
				GCC_WARN_64_TO_32_BIT_CONVERSION = YES;
				GCC_WARN_ABOUT_RETURN_TYPE = YES_ERROR;
				GCC_WARN_UNDECLARED_SELECTOR = YES;
				GCC_WARN_UNINITIALIZED_AUTOS = YES_AGGRESSIVE;
				GCC_WARN_UNUSED_FUNCTION = YES;
				GCC_WARN_UNUSED_VARIABLE = YES;
				IPHONEOS_DEPLOYMENT_TARGET = 9.0;
				MTL_ENABLE_DEBUG_INFO = YES;
				ONLY_ACTIVE_ARCH = YES;
				SDKROOT = iphoneos;
			};
			name = Debug;
		};
		3B417D3D1BDF9896006BF4E7 /* Release */ = {
			isa = XCBuildConfiguration;
			buildSettings = {
				ALWAYS_SEARCH_USER_PATHS = NO;
				CLANG_CXX_LANGUAGE_STANDARD = "gnu++0x";
				CLANG_CXX_LIBRARY = "libc++";
				CLANG_ENABLE_MODULES = YES;
				CLANG_ENABLE_OBJC_ARC = YES;
				CLANG_WARN_BOOL_CONVERSION = YES;
				CLANG_WARN_CONSTANT_CONVERSION = YES;
				CLANG_WARN_DIRECT_OBJC_ISA_USAGE = YES_ERROR;
				CLANG_WARN_EMPTY_BODY = YES;
				CLANG_WARN_ENUM_CONVERSION = YES;
				CLANG_WARN_INT_CONVERSION = YES;
				CLANG_WARN_OBJC_ROOT_CLASS = YES_ERROR;
				CLANG_WARN_UNREACHABLE_CODE = YES;
				CLANG_WARN__DUPLICATE_METHOD_MATCH = YES;
				"CODE_SIGN_IDENTITY[sdk=iphoneos*]" = "iPhone Developer";
				COPY_PHASE_STRIP = NO;
				DEBUG_INFORMATION_FORMAT = "dwarf-with-dsym";
				ENABLE_NS_ASSERTIONS = NO;
				ENABLE_STRICT_OBJC_MSGSEND = YES;
				GCC_C_LANGUAGE_STANDARD = gnu99;
				GCC_NO_COMMON_BLOCKS = YES;
				GCC_WARN_64_TO_32_BIT_CONVERSION = YES;
				GCC_WARN_ABOUT_RETURN_TYPE = YES_ERROR;
				GCC_WARN_UNDECLARED_SELECTOR = YES;
				GCC_WARN_UNINITIALIZED_AUTOS = YES_AGGRESSIVE;
				GCC_WARN_UNUSED_FUNCTION = YES;
				GCC_WARN_UNUSED_VARIABLE = YES;
				IPHONEOS_DEPLOYMENT_TARGET = 9.0;
				MTL_ENABLE_DEBUG_INFO = NO;
				SDKROOT = iphoneos;
				VALIDATE_PRODUCT = YES;
			};
			name = Release;
		};
		3B417D3F1BDF9896006BF4E7 /* Debug */ = {
			isa = XCBuildConfiguration;
			buildSettings = {
				ASSETCATALOG_COMPILER_APPICON_NAME = AppIcon;
				CODE_SIGN_STYLE = Manual;
				DEVELOPMENT_TEAM = SVKNFBR4AF;
				INFOPLIST_FILE = MethodSwizzling/Info.plist;
				LD_RUNPATH_SEARCH_PATHS = "$(inherited) @executable_path/Frameworks";
				PRODUCT_BUNDLE_IDENTIFIER = com.ouer.www.MethodSwizzling;
				PRODUCT_NAME = "$(TARGET_NAME)";
				PROVISIONING_PROFILE = "73c99c46-47a6-4f3f-a0b4-0fa23bcad3a4";
				PROVISIONING_PROFILE_SPECIFIER = WildcardProfile;
			};
			name = Debug;
		};
		3B417D401BDF9896006BF4E7 /* Release */ = {
			isa = XCBuildConfiguration;
			buildSettings = {
				ASSETCATALOG_COMPILER_APPICON_NAME = AppIcon;
				CODE_SIGN_STYLE = Manual;
				DEVELOPMENT_TEAM = "";
				INFOPLIST_FILE = MethodSwizzling/Info.plist;
				LD_RUNPATH_SEARCH_PATHS = "$(inherited) @executable_path/Frameworks";
				PRODUCT_BUNDLE_IDENTIFIER = com.ouer.www.MethodSwizzling;
				PRODUCT_NAME = "$(TARGET_NAME)";
				PROVISIONING_PROFILE_SPECIFIER = "";
			};
			name = Release;
		};
		3B417D421BDF9896006BF4E7 /* Debug */ = {
			isa = XCBuildConfiguration;
			buildSettings = {
				BUNDLE_LOADER = "$(TEST_HOST)";
				INFOPLIST_FILE = MethodSwizzlingTests/Info.plist;
				LD_RUNPATH_SEARCH_PATHS = "$(inherited) @executable_path/Frameworks @loader_path/Frameworks";
				PRODUCT_BUNDLE_IDENTIFIER = com.ouer.www.MethodSwizzlingTests;
				PRODUCT_NAME = "$(TARGET_NAME)";
				TEST_HOST = "$(BUILT_PRODUCTS_DIR)/MethodSwizzling.app/MethodSwizzling";
			};
			name = Debug;
		};
		3B417D431BDF9896006BF4E7 /* Release */ = {
			isa = XCBuildConfiguration;
			buildSettings = {
				BUNDLE_LOADER = "$(TEST_HOST)";
				INFOPLIST_FILE = MethodSwizzlingTests/Info.plist;
				LD_RUNPATH_SEARCH_PATHS = "$(inherited) @executable_path/Frameworks @loader_path/Frameworks";
				PRODUCT_BUNDLE_IDENTIFIER = com.ouer.www.MethodSwizzlingTests;
				PRODUCT_NAME = "$(TARGET_NAME)";
				TEST_HOST = "$(BUILT_PRODUCTS_DIR)/MethodSwizzling.app/MethodSwizzling";
			};
			name = Release;
		};
		3B417D451BDF9896006BF4E7 /* Debug */ = {
			isa = XCBuildConfiguration;
			buildSettings = {
				INFOPLIST_FILE = MethodSwizzlingUITests/Info.plist;
				LD_RUNPATH_SEARCH_PATHS = "$(inherited) @executable_path/Frameworks @loader_path/Frameworks";
				PRODUCT_BUNDLE_IDENTIFIER = com.ouer.www.MethodSwizzlingUITests;
				PRODUCT_NAME = "$(TARGET_NAME)";
				TEST_TARGET_NAME = MethodSwizzling;
				USES_XCTRUNNER = YES;
			};
			name = Debug;
		};
		3B417D461BDF9896006BF4E7 /* Release */ = {
			isa = XCBuildConfiguration;
			buildSettings = {
				INFOPLIST_FILE = MethodSwizzlingUITests/Info.plist;
				LD_RUNPATH_SEARCH_PATHS = "$(inherited) @executable_path/Frameworks @loader_path/Frameworks";
				PRODUCT_BUNDLE_IDENTIFIER = com.ouer.www.MethodSwizzlingUITests;
				PRODUCT_NAME = "$(TARGET_NAME)";
				TEST_TARGET_NAME = MethodSwizzling;
				USES_XCTRUNNER = YES;
			};
			name = Release;
		};
/* End XCBuildConfiguration section */

/* Begin XCConfigurationList section */
		3B417D0C1BDF9896006BF4E7 /* Build configuration list for PBXProject "MethodSwizzling" */ = {
			isa = XCConfigurationList;
			buildConfigurations = (
				3B417D3C1BDF9896006BF4E7 /* Debug */,
				3B417D3D1BDF9896006BF4E7 /* Release */,
			);
			defaultConfigurationIsVisible = 0;
			defaultConfigurationName = Release;
		};
		3B417D3E1BDF9896006BF4E7 /* Build configuration list for PBXNativeTarget "MethodSwizzling" */ = {
			isa = XCConfigurationList;
			buildConfigurations = (
				3B417D3F1BDF9896006BF4E7 /* Debug */,
				3B417D401BDF9896006BF4E7 /* Release */,
			);
			defaultConfigurationIsVisible = 0;
			defaultConfigurationName = Release;
		};
		3B417D411BDF9896006BF4E7 /* Build configuration list for PBXNativeTarget "MethodSwizzlingTests" */ = {
			isa = XCConfigurationList;
			buildConfigurations = (
				3B417D421BDF9896006BF4E7 /* Debug */,
				3B417D431BDF9896006BF4E7 /* Release */,
			);
			defaultConfigurationIsVisible = 0;
			defaultConfigurationName = Release;
		};
		3B417D441BDF9896006BF4E7 /* Build configuration list for PBXNativeTarget "MethodSwizzlingUITests" */ = {
			isa = XCConfigurationList;
			buildConfigurations = (
				3B417D451BDF9896006BF4E7 /* Debug */,
				3B417D461BDF9896006BF4E7 /* Release */,
			);
			defaultConfigurationIsVisible = 0;
			defaultConfigurationName = Release;
		};
/* End XCConfigurationList section */
	};
	rootObject = 3B417D091BDF9896006BF4E7 /* Project object */;
}
