// !$*UTF8*$!
{
	archiveVersion = 1;
	classes = {
	};
	objectVersion = 46;
	objects = {

/* Begin PBXBuildFile section */
		3B417D5B1BDFA335006BF4E7 /* main.m in Sources */ = {isa = PBXBuildFile; fileRef = 3B417D5A1BDFA335006BF4E7 /* main.m */; };
		3B417D5E1BDFA335006BF4E7 /* AppDelegate.m in Sources */ = {isa = PBXBuildFile; fileRef = 3B417D5D1BDFA335006BF4E7 /* AppDelegate.m */; };
		3B417D611BDFA335006BF4E7 /* ViewController.m in Sources */ = {isa = PBXBuildFile; fileRef = 3B417D601BDFA335006BF4E7 /* ViewController.m */; };
		3B417D641BDFA335006BF4E7 /* Main.storyboard in Resources */ = {isa = PBXBuildFile; fileRef = 3B417D621BDFA335006BF4E7 /* Main.storyboard */; };
		3B417D661BDFA335006BF4E7 /* Assets.xcassets in Resources */ = {isa = PBXBuildFile; fileRef = 3B417D651BDFA335006BF4E7 /* Assets.xcassets */; };
		3B417D691BDFA335006BF4E7 /* LaunchScreen.storyboard in Resources */ = {isa = PBXBuildFile; fileRef = 3B417D671BDFA335006BF4E7 /* LaunchScreen.storyboard */; };
		3B417D741BDFA335006BF4E7 /* Category__ProtocolTests.m in Sources */ = {isa = PBXBuildFile; fileRef = 3B417D731BDFA335006BF4E7 /* Category__ProtocolTests.m */; };
		3B417D7F1BDFA335006BF4E7 /* Category__ProtocolUITests.m in Sources */ = {isa = PBXBuildFile; fileRef = 3B417D7E1BDFA335006BF4E7 /* Category__ProtocolUITests.m */; };
		3B417D911BDFA46D006BF4E7 /* RuntimeCategoryClass.m in Sources */ = {isa = PBXBuildFile; fileRef = 3B417D901BDFA46D006BF4E7 /* RuntimeCategoryClass.m */; settings = {ASSET_TAGS = (); }; };
		3B417D941BDFA49E006BF4E7 /* RuntimeCategoryClass+Category.m in Sources */ = {isa = PBXBuildFile; fileRef = 3B417D931BDFA49E006BF4E7 /* RuntimeCategoryClass+Category.m */; settings = {ASSET_TAGS = (); }; };
/* End PBXBuildFile section */

/* Begin PBXContainerItemProxy section */
		3B417D701BDFA335006BF4E7 /* PBXContainerItemProxy */ = {
			isa = PBXContainerItemProxy;
			containerPortal = 3B417D4E1BDFA335006BF4E7 /* Project object */;
			proxyType = 1;
			remoteGlobalIDString = 3B417D551BDFA335006BF4E7;
			remoteInfo = "Category&&Protocol";
		};
		3B417D7B1BDFA335006BF4E7 /* PBXContainerItemProxy */ = {
			isa = PBXContainerItemProxy;
			containerPortal = 3B417D4E1BDFA335006BF4E7 /* Project object */;
			proxyType = 1;
			remoteGlobalIDString = 3B417D551BDFA335006BF4E7;
			remoteInfo = "Category&&Protocol";
		};
/* End PBXContainerItemProxy section */

/* Begin PBXFileReference section */
		3B417D561BDFA335006BF4E7 /* Category&&Protocol.app */ = {isa = PBXFileReference; explicitFileType = wrapper.application; includeInIndex = 0; path = "Category&&Protocol.app"; sourceTree = BUILT_PRODUCTS_DIR; };
		3B417D5A1BDFA335006BF4E7 /* main.m */ = {isa = PBXFileReference; lastKnownFileType = sourcecode.c.objc; path = main.m; sourceTree = "<group>"; };
		3B417D5C1BDFA335006BF4E7 /* AppDelegate.h */ = {isa = PBXFileReference; lastKnownFileType = sourcecode.c.h; path = AppDelegate.h; sourceTree = "<group>"; };
		3B417D5D1BDFA335006BF4E7 /* AppDelegate.m */ = {isa = PBXFileReference; lastKnownFileType = sourcecode.c.objc; path = AppDelegate.m; sourceTree = "<group>"; };
		3B417D5F1BDFA335006BF4E7 /* ViewController.h */ = {isa = PBXFileReference; lastKnownFileType = sourcecode.c.h; path = ViewController.h; sourceTree = "<group>"; };
		3B417D601BDFA335006BF4E7 /* ViewController.m */ = {isa = PBXFileReference; lastKnownFileType = sourcecode.c.objc; path = ViewController.m; sourceTree = "<group>"; };
		3B417D631BDFA335006BF4E7 /* Base */ = {isa = PBXFileReference; lastKnownFileType = file.storyboard; name = Base; path = Base.lproj/Main.storyboard; sourceTree = "<group>"; };
		3B417D651BDFA335006BF4E7 /* Assets.xcassets */ = {isa = PBXFileReference; lastKnownFileType = folder.assetcatalog; path = Assets.xcassets; sourceTree = "<group>"; };
		3B417D681BDFA335006BF4E7 /* Base */ = {isa = PBXFileReference; lastKnownFileType = file.storyboard; name = Base; path = Base.lproj/LaunchScreen.storyboard; sourceTree = "<group>"; };
		3B417D6A1BDFA335006BF4E7 /* Info.plist */ = {isa = PBXFileReference; lastKnownFileType = text.plist.xml; path = Info.plist; sourceTree = "<group>"; };
		3B417D6F1BDFA335006BF4E7 /* Category&&ProtocolTests.xctest */ = {isa = PBXFileReference; explicitFileType = wrapper.cfbundle; includeInIndex = 0; path = "Category&&ProtocolTests.xctest"; sourceTree = BUILT_PRODUCTS_DIR; };
		3B417D731BDFA335006BF4E7 /* Category__ProtocolTests.m */ = {isa = PBXFileReference; lastKnownFileType = sourcecode.c.objc; path = Category__ProtocolTests.m; sourceTree = "<group>"; };
		3B417D751BDFA335006BF4E7 /* Info.plist */ = {isa = PBXFileReference; lastKnownFileType = text.plist.xml; path = Info.plist; sourceTree = "<group>"; };
		3B417D7A1BDFA335006BF4E7 /* Category&&ProtocolUITests.xctest */ = {isa = PBXFileReference; explicitFileType = wrapper.cfbundle; includeInIndex = 0; path = "Category&&ProtocolUITests.xctest"; sourceTree = BUILT_PRODUCTS_DIR; };
		3B417D7E1BDFA335006BF4E7 /* Category__ProtocolUITests.m */ = {isa = PBXFileReference; lastKnownFileType = sourcecode.c.objc; path = Category__ProtocolUITests.m; sourceTree = "<group>"; };
		3B417D801BDFA335006BF4E7 /* Info.plist */ = {isa = PBXFileReference; lastKnownFileType = text.plist.xml; path = Info.plist; sourceTree = "<group>"; };
		3B417D8F1BDFA46D006BF4E7 /* RuntimeCategoryClass.h */ = {isa = PBXFileReference; fileEncoding = 4; lastKnownFileType = sourcecode.c.h; path = RuntimeCategoryClass.h; sourceTree = "<group>"; };
		3B417D901BDFA46D006BF4E7 /* RuntimeCategoryClass.m */ = {isa = PBXFileReference; fileEncoding = 4; lastKnownFileType = sourcecode.c.objc; path = RuntimeCategoryClass.m; sourceTree = "<group>"; };
		3B417D921BDFA49E006BF4E7 /* RuntimeCategoryClass+Category.h */ = {isa = PBXFileReference; fileEncoding = 4; lastKnownFileType = sourcecode.c.h; path = "RuntimeCategoryClass+Category.h"; sourceTree = "<group>"; };
		3B417D931BDFA49E006BF4E7 /* RuntimeCategoryClass+Category.m */ = {isa = PBXFileReference; fileEncoding = 4; lastKnownFileType = sourcecode.c.objc; path = "RuntimeCategoryClass+Category.m"; sourceTree = "<group>"; };
/* End PBXFileReference section */

/* Begin PBXFrameworksBuildPhase section */
		3B417D531BDFA335006BF4E7 /* Frameworks */ = {
			isa = PBXFrameworksBuildPhase;
			buildActionMask = 2147483647;
			files = (
			);
			runOnlyForDeploymentPostprocessing = 0;
		};
		3B417D6C1BDFA335006BF4E7 /* Frameworks */ = {
			isa = PBXFrameworksBuildPhase;
			buildActionMask = 2147483647;
			files = (
			);
			runOnlyForDeploymentPostprocessing = 0;
		};
		3B417D771BDFA335006BF4E7 /* Frameworks */ = {
			isa = PBXFrameworksBuildPhase;
			buildActionMask = 2147483647;
			files = (
			);
			runOnlyForDeploymentPostprocessing = 0;
		};
/* End PBXFrameworksBuildPhase section */

/* Begin PBXGroup section */
		3B417D4D1BDFA335006BF4E7 = {
			isa = PBXGroup;
			children = (
				3B417D581BDFA335006BF4E7 /* Category&&Protocol */,
				3B417D721BDFA335006BF4E7 /* Category&&ProtocolTests */,
				3B417D7D1BDFA335006BF4E7 /* Category&&ProtocolUITests */,
				3B417D571BDFA335006BF4E7 /* Products */,
			);
			sourceTree = "<group>";
		};
		3B417D571BDFA335006BF4E7 /* Products */ = {
			isa = PBXGroup;
			children = (
				3B417D561BDFA335006BF4E7 /* Category&&Protocol.app */,
				3B417D6F1BDFA335006BF4E7 /* Category&&ProtocolTests.xctest */,
				3B417D7A1BDFA335006BF4E7 /* Category&&ProtocolUITests.xctest */,
			);
			name = Products;
			sourceTree = "<group>";
		};
		3B417D581BDFA335006BF4E7 /* Category&&Protocol */ = {
			isa = PBXGroup;
			children = (
				3B417D5C1BDFA335006BF4E7 /* AppDelegate.h */,
				3B417D5D1BDFA335006BF4E7 /* AppDelegate.m */,
				3B417D5F1BDFA335006BF4E7 /* ViewController.h */,
				3B417D601BDFA335006BF4E7 /* ViewController.m */,
				3B417D8F1BDFA46D006BF4E7 /* RuntimeCategoryClass.h */,
				3B417D901BDFA46D006BF4E7 /* RuntimeCategoryClass.m */,
				3B417D921BDFA49E006BF4E7 /* RuntimeCategoryClass+Category.h */,
				3B417D931BDFA49E006BF4E7 /* RuntimeCategoryClass+Category.m */,
				3B417D621BDFA335006BF4E7 /* Main.storyboard */,
				3B417D651BDFA335006BF4E7 /* Assets.xcassets */,
				3B417D671BDFA335006BF4E7 /* LaunchScreen.storyboard */,
				3B417D6A1BDFA335006BF4E7 /* Info.plist */,
				3B417D591BDFA335006BF4E7 /* Supporting Files */,
			);
			path = "Category&&Protocol";
			sourceTree = "<group>";
		};
		3B417D591BDFA335006BF4E7 /* Supporting Files */ = {
			isa = PBXGroup;
			children = (
				3B417D5A1BDFA335006BF4E7 /* main.m */,
			);
			name = "Supporting Files";
			sourceTree = "<group>";
		};
		3B417D721BDFA335006BF4E7 /* Category&&ProtocolTests */ = {
			isa = PBXGroup;
			children = (
				3B417D731BDFA335006BF4E7 /* Category__ProtocolTests.m */,
				3B417D751BDFA335006BF4E7 /* Info.plist */,
			);
			path = "Category&&ProtocolTests";
			sourceTree = "<group>";
		};
		3B417D7D1BDFA335006BF4E7 /* Category&&ProtocolUITests */ = {
			isa = PBXGroup;
			children = (
				3B417D7E1BDFA335006BF4E7 /* Category__ProtocolUITests.m */,
				3B417D801BDFA335006BF4E7 /* Info.plist */,
			);
			path = "Category&&ProtocolUITests";
			sourceTree = "<group>";
		};
/* End PBXGroup section */

/* Begin PBXNativeTarget section */
		3B417D551BDFA335006BF4E7 /* Category&&Protocol */ = {
			isa = PBXNativeTarget;
			buildConfigurationList = 3B417D831BDFA335006BF4E7 /* Build configuration list for PBXNativeTarget "Category&&Protocol" */;
			buildPhases = (
				3B417D521BDFA335006BF4E7 /* Sources */,
				3B417D531BDFA335006BF4E7 /* Frameworks */,
				3B417D541BDFA335006BF4E7 /* Resources */,
			);
			buildRules = (
			);
			dependencies = (
			);
			name = "Category&&Protocol";
			productName = "Category&&Protocol";
			productReference = 3B417D561BDFA335006BF4E7 /* Category&&Protocol.app */;
			productType = "com.apple.product-type.application";
		};
		3B417D6E1BDFA335006BF4E7 /* Category&&ProtocolTests */ = {
			isa = PBXNativeTarget;
			buildConfigurationList = 3B417D861BDFA335006BF4E7 /* Build configuration list for PBXNativeTarget "Category&&ProtocolTests" */;
			buildPhases = (
				3B417D6B1BDFA335006BF4E7 /* Sources */,
				3B417D6C1BDFA335006BF4E7 /* Frameworks */,
				3B417D6D1BDFA335006BF4E7 /* Resources */,
			);
			buildRules = (
			);
			dependencies = (
				3B417D711BDFA335006BF4E7 /* PBXTargetDependency */,
			);
			name = "Category&&ProtocolTests";
			productName = "Category&&ProtocolTests";
			productReference = 3B417D6F1BDFA335006BF4E7 /* Category&&ProtocolTests.xctest */;
			productType = "com.apple.product-type.bundle.unit-test";
		};
		3B417D791BDFA335006BF4E7 /* Category&&ProtocolUITests */ = {
			isa = PBXNativeTarget;
			buildConfigurationList = 3B417D891BDFA335006BF4E7 /* Build configuration list for PBXNativeTarget "Category&&ProtocolUITests" */;
			buildPhases = (
				3B417D761BDFA335006BF4E7 /* Sources */,
				3B417D771BDFA335006BF4E7 /* Frameworks */,
				3B417D781BDFA335006BF4E7 /* Resources */,
			);
			buildRules = (
			);
			dependencies = (
				3B417D7C1BDFA335006BF4E7 /* PBXTargetDependency */,
			);
			name = "Category&&ProtocolUITests";
			productName = "Category&&ProtocolUITests";
			productReference = 3B417D7A1BDFA335006BF4E7 /* Category&&ProtocolUITests.xctest */;
			productType = "com.apple.product-type.bundle.ui-testing";
		};
/* End PBXNativeTarget section */

/* Begin PBXProject section */
		3B417D4E1BDFA335006BF4E7 /* Project object */ = {
			isa = PBXProject;
			attributes = {
				LastUpgradeCheck = 0700;
				ORGANIZATIONNAME = MK;
				TargetAttributes = {
					3B417D551BDFA335006BF4E7 = {
						CreatedOnToolsVersion = 7.0;
					};
					3B417D6E1BDFA335006BF4E7 = {
						CreatedOnToolsVersion = 7.0;
						TestTargetID = 3B417D551BDFA335006BF4E7;
					};
					3B417D791BDFA335006BF4E7 = {
						CreatedOnToolsVersion = 7.0;
						TestTargetID = 3B417D551BDFA335006BF4E7;
					};
				};
			};
			buildConfigurationList = 3B417D511BDFA335006BF4E7 /* Build configuration list for PBXProject "Category&&Protocol" */;
			compatibilityVersion = "Xcode 3.2";
			developmentRegion = English;
			hasScannedForEncodings = 0;
			knownRegions = (
				en,
				Base,
			);
			mainGroup = 3B417D4D1BDFA335006BF4E7;
			productRefGroup = 3B417D571BDFA335006BF4E7 /* Products */;
			projectDirPath = "";
			projectRoot = "";
			targets = (
				3B417D551BDFA335006BF4E7 /* Category&&Protocol */,
				3B417D6E1BDFA335006BF4E7 /* Category&&ProtocolTests */,
				3B417D791BDFA335006BF4E7 /* Category&&ProtocolUITests */,
			);
		};
/* End PBXProject section */

/* Begin PBXResourcesBuildPhase section */
		3B417D541BDFA335006BF4E7 /* Resources */ = {
			isa = PBXResourcesBuildPhase;
			buildActionMask = 2147483647;
			files = (
				3B417D691BDFA335006BF4E7 /* LaunchScreen.storyboard in Resources */,
				3B417D661BDFA335006BF4E7 /* Assets.xcassets in Resources */,
				3B417D641BDFA335006BF4E7 /* Main.storyboard in Resources */,
			);
			runOnlyForDeploymentPostprocessing = 0;
		};
		3B417D6D1BDFA335006BF4E7 /* Resources */ = {
			isa = PBXResourcesBuildPhase;
			buildActionMask = 2147483647;
			files = (
			);
			runOnlyForDeploymentPostprocessing = 0;
		};
		3B417D781BDFA335006BF4E7 /* Resources */ = {
			isa = PBXResourcesBuildPhase;
			buildActionMask = 2147483647;
			files = (
			);
			runOnlyForDeploymentPostprocessing = 0;
		};
/* End PBXResourcesBuildPhase section */

/* Begin PBXSourcesBuildPhase section */
		3B417D521BDFA335006BF4E7 /* Sources */ = {
			isa = PBXSourcesBuildPhase;
			buildActionMask = 2147483647;
			files = (
				3B417D611BDFA335006BF4E7 /* ViewController.m in Sources */,
				3B417D941BDFA49E006BF4E7 /* RuntimeCategoryClass+Category.m in Sources */,
				3B417D5E1BDFA335006BF4E7 /* AppDelegate.m in Sources */,
				3B417D911BDFA46D006BF4E7 /* RuntimeCategoryClass.m in Sources */,
				3B417D5B1BDFA335006BF4E7 /* main.m in Sources */,
			);
			runOnlyForDeploymentPostprocessing = 0;
		};
		3B417D6B1BDFA335006BF4E7 /* Sources */ = {
			isa = PBXSourcesBuildPhase;
			buildActionMask = 2147483647;
			files = (
				3B417D741BDFA335006BF4E7 /* Category__ProtocolTests.m in Sources */,
			);
			runOnlyForDeploymentPostprocessing = 0;
		};
		3B417D761BDFA335006BF4E7 /* Sources */ = {
			isa = PBXSourcesBuildPhase;
			buildActionMask = 2147483647;
			files = (
				3B417D7F1BDFA335006BF4E7 /* Category__ProtocolUITests.m in Sources */,
			);
			runOnlyForDeploymentPostprocessing = 0;
		};
/* End PBXSourcesBuildPhase section */

/* Begin PBXTargetDependency section */
		3B417D711BDFA335006BF4E7 /* PBXTargetDependency */ = {
			isa = PBXTargetDependency;
			target = 3B417D551BDFA335006BF4E7 /* Category&&Protocol */;
			targetProxy = 3B417D701BDFA335006BF4E7 /* PBXContainerItemProxy */;
		};
		3B417D7C1BDFA335006BF4E7 /* PBXTargetDependency */ = {
			isa = PBXTargetDependency;
			target = 3B417D551BDFA335006BF4E7 /* Category&&Protocol */;
			targetProxy = 3B417D7B1BDFA335006BF4E7 /* PBXContainerItemProxy */;
		};
/* End PBXTargetDependency section */

/* Begin PBXVariantGroup section */
		3B417D621BDFA335006BF4E7 /* Main.storyboard */ = {
			isa = PBXVariantGroup;
			children = (
				3B417D631BDFA335006BF4E7 /* Base */,
			);
			name = Main.storyboard;
			sourceTree = "<group>";
		};
		3B417D671BDFA335006BF4E7 /* LaunchScreen.storyboard */ = {
			isa = PBXVariantGroup;
			children = (
				3B417D681BDFA335006BF4E7 /* Base */,
			);
			name = LaunchScreen.storyboard;
			sourceTree = "<group>";
		};
/* End PBXVariantGroup section */

/* Begin XCBuildConfiguration section */
		3B417D811BDFA335006BF4E7 /* Debug */ = {
			isa = XCBuildConfiguration;
			buildSettings = {
				ALWAYS_SEARCH_USER_PATHS = NO;
				CLANG_CXX_LANGUAGE_STANDARD = "gnu++0x";
				CLANG_CXX_LIBRARY = "libc++";
				CLANG_ENABLE_MODULES = YES;
				CLANG_ENABLE_OBJC_ARC = YES;
				CLANG_WARN_BOOL_CONVERSION = YES;
				CLANG_WARN_CONSTANT_CONVERSION = YES;
				CLANG_WARN_DIRECT_OBJC_ISA_USAGE = YES_ERROR;
				CLANG_WARN_EMPTY_BODY = YES;
				CLANG_WARN_ENUM_CONVERSION = YES;
				CLANG_WARN_INT_CONVERSION = YES;
				CLANG_WARN_OBJC_ROOT_CLASS = YES_ERROR;
				CLANG_WARN_UNREACHABLE_CODE = YES;
				CLANG_WARN__DUPLICATE_METHOD_MATCH = YES;
				"CODE_SIGN_IDENTITY[sdk=iphoneos*]" = "iPhone Developer";
				COPY_PHASE_STRIP = NO;
				DEBUG_INFORMATION_FORMAT = dwarf;
				ENABLE_STRICT_OBJC_MSGSEND = YES;
				ENABLE_TESTABILITY = YES;
				GCC_C_LANGUAGE_STANDARD = gnu99;
				GCC_DYNAMIC_NO_PIC = NO;
				GCC_NO_COMMON_BLOCKS = YES;
				GCC_OPTIMIZATION_LEVEL = 0;
				GCC_PREPROCESSOR_DEFINITIONS = (
					"DEBUG=1",
					"$(inherited)",
				);
				GCC_WARN_64_TO_32_BIT_CONVERSION = YES;
				GCC_WARN_ABOUT_RETURN_TYPE = YES_ERROR;
				GCC_WARN_UNDECLARED_SELECTOR = YES;
				GCC_WARN_UNINITIALIZED_AUTOS = YES_AGGRESSIVE;
				GCC_WARN_UNUSED_FUNCTION = YES;
				GCC_WARN_UNUSED_VARIABLE = YES;
				IPHONEOS_DEPLOYMENT_TARGET = 9.0;
				MTL_ENABLE_DEBUG_INFO = YES;
				ONLY_ACTIVE_ARCH = YES;
				SDKROOT = iphoneos;
			};
			name = Debug;
		};
		3B417D821BDFA335006BF4E7 /* Release */ = {
			isa = XCBuildConfiguration;
			buildSettings = {
				ALWAYS_SEARCH_USER_PATHS = NO;
				CLANG_CXX_LANGUAGE_STANDARD = "gnu++0x";
				CLANG_CXX_LIBRARY = "libc++";
				CLANG_ENABLE_MODULES = YES;
				CLANG_ENABLE_OBJC_ARC = YES;
				CLANG_WARN_BOOL_CONVERSION = YES;
				CLANG_WARN_CONSTANT_CONVERSION = YES;
				CLANG_WARN_DIRECT_OBJC_ISA_USAGE = YES_ERROR;
				CLANG_WARN_EMPTY_BODY = YES;
				CLANG_WARN_ENUM_CONVERSION = YES;
				CLANG_WARN_INT_CONVERSION = YES;
				CLANG_WARN_OBJC_ROOT_CLASS = YES_ERROR;
				CLANG_WARN_UNREACHABLE_CODE = YES;
				CLANG_WARN__DUPLICATE_METHOD_MATCH = YES;
				"CODE_SIGN_IDENTITY[sdk=iphoneos*]" = "iPhone Developer";
				COPY_PHASE_STRIP = NO;
				DEBUG_INFORMATION_FORMAT = "dwarf-with-dsym";
				ENABLE_NS_ASSERTIONS = NO;
				ENABLE_STRICT_OBJC_MSGSEND = YES;
				GCC_C_LANGUAGE_STANDARD = gnu99;
				GCC_NO_COMMON_BLOCKS = YES;
				GCC_WARN_64_TO_32_BIT_CONVERSION = YES;
				GCC_WARN_ABOUT_RETURN_TYPE = YES_ERROR;
				GCC_WARN_UNDECLARED_SELECTOR = YES;
				GCC_WARN_UNINITIALIZED_AUTOS = YES_AGGRESSIVE;
				GCC_WARN_UNUSED_FUNCTION = YES;
				GCC_WARN_UNUSED_VARIABLE = YES;
				IPHONEOS_DEPLOYMENT_TARGET = 9.0;
				MTL_ENABLE_DEBUG_INFO = NO;
				SDKROOT = iphoneos;
				VALIDATE_PRODUCT = YES;
			};
			name = Release;
		};
		3B417D841BDFA335006BF4E7 /* Debug */ = {
			isa = XCBuildConfiguration;
			buildSettings = {
				ASSETCATALOG_COMPILER_APPICON_NAME = AppIcon;
				INFOPLIST_FILE = "Category&&Protocol/Info.plist";
				LD_RUNPATH_SEARCH_PATHS = "$(inherited) @executable_path/Frameworks";
				PRODUCT_BUNDLE_IDENTIFIER = "com.ouer.www.Category--Protocol";
				PRODUCT_NAME = "$(TARGET_NAME)";
			};
			name = Debug;
		};
		3B417D851BDFA335006BF4E7 /* Release */ = {
			isa = XCBuildConfiguration;
			buildSettings = {
				ASSETCATALOG_COMPILER_APPICON_NAME = AppIcon;
				INFOPLIST_FILE = "Category&&Protocol/Info.plist";
				LD_RUNPATH_SEARCH_PATHS = "$(inherited) @executable_path/Frameworks";
				PRODUCT_BUNDLE_IDENTIFIER = "com.ouer.www.Category--Protocol";
				PRODUCT_NAME = "$(TARGET_NAME)";
			};
			name = Release;
		};
		3B417D871BDFA335006BF4E7 /* Debug */ = {
			isa = XCBuildConfiguration;
			buildSettings = {
				BUNDLE_LOADER = "$(TEST_HOST)";
				INFOPLIST_FILE = "Category&&ProtocolTests/Info.plist";
				LD_RUNPATH_SEARCH_PATHS = "$(inherited) @executable_path/Frameworks @loader_path/Frameworks";
				PRODUCT_BUNDLE_IDENTIFIER = "com.ouer.www.Category--ProtocolTests";
				PRODUCT_NAME = "$(TARGET_NAME)";
				TEST_HOST = "$(BUILT_PRODUCTS_DIR)/Category&&Protocol.app/Category&&Protocol";
			};
			name = Debug;
		};
		3B417D881BDFA335006BF4E7 /* Release */ = {
			isa = XCBuildConfiguration;
			buildSettings = {
				BUNDLE_LOADER = "$(TEST_HOST)";
				INFOPLIST_FILE = "Category&&ProtocolTests/Info.plist";
				LD_RUNPATH_SEARCH_PATHS = "$(inherited) @executable_path/Frameworks @loader_path/Frameworks";
				PRODUCT_BUNDLE_IDENTIFIER = "com.ouer.www.Category--ProtocolTests";
				PRODUCT_NAME = "$(TARGET_NAME)";
				TEST_HOST = "$(BUILT_PRODUCTS_DIR)/Category&&Protocol.app/Category&&Protocol";
			};
			name = Release;
		};
		3B417D8A1BDFA335006BF4E7 /* Debug */ = {
			isa = XCBuildConfiguration;
			buildSettings = {
				INFOPLIST_FILE = "Category&&ProtocolUITests/Info.plist";
				LD_RUNPATH_SEARCH_PATHS = "$(inherited) @executable_path/Frameworks @loader_path/Frameworks";
				PRODUCT_BUNDLE_IDENTIFIER = "com.ouer.www.Category--ProtocolUITests";
				PRODUCT_NAME = "$(TARGET_NAME)";
				TEST_TARGET_NAME = "Category&&Protocol";
				USES_XCTRUNNER = YES;
			};
			name = Debug;
		};
		3B417D8B1BDFA335006BF4E7 /* Release */ = {
			isa = XCBuildConfiguration;
			buildSettings = {
				INFOPLIST_FILE = "Category&&ProtocolUITests/Info.plist";
				LD_RUNPATH_SEARCH_PATHS = "$(inherited) @executable_path/Frameworks @loader_path/Frameworks";
				PRODUCT_BUNDLE_IDENTIFIER = "com.ouer.www.Category--ProtocolUITests";
				PRODUCT_NAME = "$(TARGET_NAME)";
				TEST_TARGET_NAME = "Category&&Protocol";
				USES_XCTRUNNER = YES;
			};
			name = Release;
		};
/* End XCBuildConfiguration section */

/* Begin XCConfigurationList section */
		3B417D511BDFA335006BF4E7 /* Build configuration list for PBXProject "Category&&Protocol" */ = {
			isa = XCConfigurationList;
			buildConfigurations = (
				3B417D811BDFA335006BF4E7 /* Debug */,
				3B417D821BDFA335006BF4E7 /* Release */,
			);
			defaultConfigurationIsVisible = 0;
			defaultConfigurationName = Release;
		};
		3B417D831BDFA335006BF4E7 /* Build configuration list for PBXNativeTarget "Category&&Protocol" */ = {
			isa = XCConfigurationList;
			buildConfigurations = (
				3B417D841BDFA335006BF4E7 /* Debug */,
				3B417D851BDFA335006BF4E7 /* Release */,
			);
			defaultConfigurationIsVisible = 0;
		};
		3B417D861BDFA335006BF4E7 /* Build configuration list for PBXNativeTarget "Category&&ProtocolTests" */ = {
			isa = XCConfigurationList;
			buildConfigurations = (
				3B417D871BDFA335006BF4E7 /* Debug */,
				3B417D881BDFA335006BF4E7 /* Release */,
			);
			defaultConfigurationIsVisible = 0;
		};
		3B417D891BDFA335006BF4E7 /* Build configuration list for PBXNativeTarget "Category&&ProtocolUITests" */ = {
			isa = XCConfigurationList;
			buildConfigurations = (
				3B417D8A1BDFA335006BF4E7 /* Debug */,
				3B417D8B1BDFA335006BF4E7 /* Release */,
			);
			defaultConfigurationIsVisible = 0;
		};
/* End XCConfigurationList section */
	};
	rootObject = 3B417D4E1BDFA335006BF4E7 /* Project object */;
}
